// !$*UTF8*$!
{
	archiveVersion = 1;
	classes = {
	};
	objectVersion = 56;
	objects = {

/* Begin PBXBuildFile section */
		FFBB6C3B2A07F0400011D4B8 /* AppDelegate.swift in Sources */ = {isa = PBXBuildFile; fileRef = FFBB6C3A2A07F0400011D4B8 /* AppDelegate.swift */; };
		FFBB6C3D2A07F0400011D4B8 /* SceneDelegate.swift in Sources */ = {isa = PBXBuildFile; fileRef = FFBB6C3C2A07F0400011D4B8 /* SceneDelegate.swift */; };
		FFBB6C3F2A07F0400011D4B8 /* ViewController.swift in Sources */ = {isa = PBXBuildFile; fileRef = FFBB6C3E2A07F0400011D4B8 /* ViewController.swift */; };
		FFBB6C422A07F0400011D4B8 /* Main.storyboard in Resources */ = {isa = PBXBuildFile; fileRef = FFBB6C402A07F0400011D4B8 /* Main.storyboard */; };
		FFBB6C442A07F0410011D4B8 /* Assets.xcassets in Resources */ = {isa = PBXBuildFile; fileRef = FFBB6C432A07F0410011D4B8 /* Assets.xcassets */; };
		FFBB6C472A07F0410011D4B8 /* LaunchScreen.storyboard in Resources */ = {isa = PBXBuildFile; fileRef = FFBB6C452A07F0410011D4B8 /* LaunchScreen.storyboard */; };
		FFBB6C502A07F05A0011D4B8 /* NetworkManager.swift in Sources */ = {isa = PBXBuildFile; fileRef = FFBB6C4F2A07F05A0011D4B8 /* NetworkManager.swift */; };
		FFBB6C522A07F0650011D4B8 /* Endpoint.swift in Sources */ = {isa = PBXBuildFile; fileRef = FFBB6C512A07F0650011D4B8 /* Endpoint.swift */; };
		FFBB6C552A07F6190011D4B8 /* Location.swift in Sources */ = {isa = PBXBuildFile; fileRef = FFBB6C542A07F6190011D4B8 /* Location.swift */; };
		FFBB6C572A080A540011D4B8 /* Characters.swift in Sources */ = {isa = PBXBuildFile; fileRef = FFBB6C562A080A540011D4B8 /* Characters.swift */; };
/* End PBXBuildFile section */

/* Begin PBXFileReference section */
		FFBB6C372A07F0400011D4B8 /* Generic Network Layer.app */ = {isa = PBXFileReference; explicitFileType = wrapper.application; includeInIndex = 0; path = "Generic Network Layer.app"; sourceTree = BUILT_PRODUCTS_DIR; };
		FFBB6C3A2A07F0400011D4B8 /* AppDelegate.swift */ = {isa = PBXFileReference; lastKnownFileType = sourcecode.swift; path = AppDelegate.swift; sourceTree = "<group>"; };
		FFBB6C3C2A07F0400011D4B8 /* SceneDelegate.swift */ = {isa = PBXFileReference; lastKnownFileType = sourcecode.swift; path = SceneDelegate.swift; sourceTree = "<group>"; };
		FFBB6C3E2A07F0400011D4B8 /* ViewController.swift */ = {isa = PBXFileReference; lastKnownFileType = sourcecode.swift; path = ViewController.swift; sourceTree = "<group>"; };
		FFBB6C412A07F0400011D4B8 /* Base */ = {isa = PBXFileReference; lastKnownFileType = file.storyboard; name = Base; path = Base.lproj/Main.storyboard; sourceTree = "<group>"; };
		FFBB6C432A07F0410011D4B8 /* Assets.xcassets */ = {isa = PBXFileReference; lastKnownFileType = folder.assetcatalog; path = Assets.xcassets; sourceTree = "<group>"; };
		FFBB6C462A07F0410011D4B8 /* Base */ = {isa = PBXFileReference; lastKnownFileType = file.storyboard; name = Base; path = Base.lproj/LaunchScreen.storyboard; sourceTree = "<group>"; };
		FFBB6C482A07F0410011D4B8 /* Info.plist */ = {isa = PBXFileReference; lastKnownFileType = text.plist.xml; path = Info.plist; sourceTree = "<group>"; };
		FFBB6C4F2A07F05A0011D4B8 /* NetworkManager.swift */ = {isa = PBXFileReference; lastKnownFileType = sourcecode.swift; path = NetworkManager.swift; sourceTree = "<group>"; };
		FFBB6C512A07F0650011D4B8 /* Endpoint.swift */ = {isa = PBXFileReference; lastKnownFileType = sourcecode.swift; path = Endpoint.swift; sourceTree = "<group>"; };
		FFBB6C542A07F6190011D4B8 /* Location.swift */ = {isa = PBXFileReference; lastKnownFileType = sourcecode.swift; path = Location.swift; sourceTree = "<group>"; };
		FFBB6C562A080A540011D4B8 /* Characters.swift */ = {isa = PBXFileReference; lastKnownFileType = sourcecode.swift; path = Characters.swift; sourceTree = "<group>"; };
/* End PBXFileReference section */

/* Begin PBXFrameworksBuildPhase section */
		FFBB6C342A07F0400011D4B8 /* Frameworks */ = {
			isa = PBXFrameworksBuildPhase;
			buildActionMask = 2147483647;
			files = (
			);
			runOnlyForDeploymentPostprocessing = 0;
		};
/* End PBXFrameworksBuildPhase section */

/* Begin PBXGroup section */
		FFBB6C2E2A07F0400011D4B8 = {
			isa = PBXGroup;
			children = (
				FFBB6C392A07F0400011D4B8 /* Generic Network Layer */,
				FFBB6C382A07F0400011D4B8 /* Products */,
			);
			sourceTree = "<group>";
		};
		FFBB6C382A07F0400011D4B8 /* Products */ = {
			isa = PBXGroup;
			children = (
				FFBB6C372A07F0400011D4B8 /* Generic Network Layer.app */,
			);
			name = Products;
			sourceTree = "<group>";
		};
		FFBB6C392A07F0400011D4B8 /* Generic Network Layer */ = {
			isa = PBXGroup;
			children = (
				FFBB6C4E2A07F04A0011D4B8 /* Service */,
				FFBB6C3A2A07F0400011D4B8 /* AppDelegate.swift */,
				FFBB6C3C2A07F0400011D4B8 /* SceneDelegate.swift */,
				FFBB6C3E2A07F0400011D4B8 /* ViewController.swift */,
				FFBB6C402A07F0400011D4B8 /* Main.storyboard */,
				FFBB6C432A07F0410011D4B8 /* Assets.xcassets */,
				FFBB6C452A07F0410011D4B8 /* LaunchScreen.storyboard */,
				FFBB6C482A07F0410011D4B8 /* Info.plist */,
			);
			path = "Generic Network Layer";
			sourceTree = "<group>";
		};
		FFBB6C4E2A07F04A0011D4B8 /* Service */ = {
			isa = PBXGroup;
			children = (
				FFBB6C532A07F60E0011D4B8 /* Model */,
				FFBB6C4F2A07F05A0011D4B8 /* NetworkManager.swift */,
				FFBB6C512A07F0650011D4B8 /* Endpoint.swift */,
			);
			path = Service;
			sourceTree = "<group>";
		};
		FFBB6C532A07F60E0011D4B8 /* Model */ = {
			isa = PBXGroup;
			children = (
				FFBB6C542A07F6190011D4B8 /* Location.swift */,
				FFBB6C562A080A540011D4B8 /* Characters.swift */,
			);
			path = Model;
			sourceTree = "<group>";
		};
/* End PBXGroup section */

/* Begin PBXNativeTarget section */
		FFBB6C362A07F0400011D4B8 /* Generic Network Layer */ = {
			isa = PBXNativeTarget;
			buildConfigurationList = FFBB6C4B2A07F0410011D4B8 /* Build configuration list for PBXNativeTarget "Generic Network Layer" */;
			buildPhases = (
				FFBB6C332A07F0400011D4B8 /* Sources */,
				FFBB6C342A07F0400011D4B8 /* Frameworks */,
				FFBB6C352A07F0400011D4B8 /* Resources */,
			);
			buildRules = (
			);
			dependencies = (
			);
			name = "Generic Network Layer";
			productName = "Generic Network Layer";
			productReference = FFBB6C372A07F0400011D4B8 /* Generic Network Layer.app */;
			productType = "com.apple.product-type.application";
		};
/* End PBXNativeTarget section */

/* Begin PBXProject section */
		FFBB6C2F2A07F0400011D4B8 /* Project object */ = {
			isa = PBXProject;
			attributes = {
				BuildIndependentTargetsInParallel = 1;
				LastSwiftUpdateCheck = 1410;
				LastUpgradeCheck = 1410;
				TargetAttributes = {
					FFBB6C362A07F0400011D4B8 = {
						CreatedOnToolsVersion = 14.1;
					};
				};
			};
			buildConfigurationList = FFBB6C322A07F0400011D4B8 /* Build configuration list for PBXProject "Generic Network Layer" */;
			compatibilityVersion = "Xcode 14.0";
			developmentRegion = en;
			hasScannedForEncodings = 0;
			knownRegions = (
				en,
				Base,
			);
			mainGroup = FFBB6C2E2A07F0400011D4B8;
			productRefGroup = FFBB6C382A07F0400011D4B8 /* Products */;
			projectDirPath = "";
			projectRoot = "";
			targets = (
				FFBB6C362A07F0400011D4B8 /* Generic Network Layer */,
			);
		};
/* End PBXProject section */

/* Begin PBXResourcesBuildPhase section */
		FFBB6C352A07F0400011D4B8 /* Resources */ = {
			isa = PBXResourcesBuildPhase;
			buildActionMask = 2147483647;
			files = (
				FFBB6C472A07F0410011D4B8 /* LaunchScreen.storyboard in Resources */,
				FFBB6C442A07F0410011D4B8 /* Assets.xcassets in Resources */,
				FFBB6C422A07F0400011D4B8 /* Main.storyboard in Resources */,
			);
			runOnlyForDeploymentPostprocessing = 0;
		};
/* End PBXResourcesBuildPhase section */

/* Begin PBXSourcesBuildPhase section */
		FFBB6C332A07F0400011D4B8 /* Sources */ = {
			isa = PBXSourcesBuildPhase;
			buildActionMask = 2147483647;
			files = (
				FFBB6C502A07F05A0011D4B8 /* NetworkManager.swift in Sources */,
				FFBB6C572A080A540011D4B8 /* Characters.swift in Sources */,
				FFBB6C3F2A07F0400011D4B8 /* ViewController.swift in Sources */,
				FFBB6C3B2A07F0400011D4B8 /* AppDelegate.swift in Sources */,
				FFBB6C3D2A07F0400011D4B8 /* SceneDelegate.swift in Sources */,
				FFBB6C552A07F6190011D4B8 /* Location.swift in Sources */,
				FFBB6C522A07F0650011D4B8 /* Endpoint.swift in Sources */,
			);
			runOnlyForDeploymentPostprocessing = 0;
		};
/* End PBXSourcesBuildPhase section */

/* Begin PBXVariantGroup section */
		FFBB6C402A07F0400011D4B8 /* Main.storyboard */ = {
			isa = PBXVariantGroup;
			children = (
				FFBB6C412A07F0400011D4B8 /* Base */,
			);
			name = Main.storyboard;
			sourceTree = "<group>";
		};
		FFBB6C452A07F0410011D4B8 /* LaunchScreen.storyboard */ = {
			isa = PBXVariantGroup;
			children = (
				FFBB6C462A07F0410011D4B8 /* Base */,
			);
			name = LaunchScreen.storyboard;
			sourceTree = "<group>";
		};
/* End PBXVariantGroup section */

/* Begin XCBuildConfiguration section */
		FFBB6C492A07F0410011D4B8 /* Debug */ = {
			isa = XCBuildConfiguration;
			buildSettings = {
				ALWAYS_SEARCH_USER_PATHS = NO;
				CLANG_ANALYZER_NONNULL = YES;
				CLANG_ANALYZER_NUMBER_OBJECT_CONVERSION = YES_AGGRESSIVE;
				CLANG_CXX_LANGUAGE_STANDARD = "gnu++20";
				CLANG_ENABLE_MODULES = YES;
				CLANG_ENABLE_OBJC_ARC = YES;
				CLANG_ENABLE_OBJC_WEAK = YES;
				CLANG_WARN_BLOCK_CAPTURE_AUTORELEASING = YES;
				CLANG_WARN_BOOL_CONVERSION = YES;
				CLANG_WARN_COMMA = YES;
				CLANG_WARN_CONSTANT_CONVERSION = YES;
				CLANG_WARN_DEPRECATED_OBJC_IMPLEMENTATIONS = YES;
				CLANG_WARN_DIRECT_OBJC_ISA_USAGE = YES_ERROR;
				CLANG_WARN_DOCUMENTATION_COMMENTS = YES;
				CLANG_WARN_EMPTY_BODY = YES;
				CLANG_WARN_ENUM_CONVERSION = YES;
				CLANG_WARN_INFINITE_RECURSION = YES;
				CLANG_WARN_INT_CONVERSION = YES;
				CLANG_WARN_NON_LITERAL_NULL_CONVERSION = YES;
				CLANG_WARN_OBJC_IMPLICIT_RETAIN_SELF = YES;
				CLANG_WARN_OBJC_LITERAL_CONVERSION = YES;
				CLANG_WARN_OBJC_ROOT_CLASS = YES_ERROR;
				CLANG_WARN_QUOTED_INCLUDE_IN_FRAMEWORK_HEADER = YES;
				CLANG_WARN_RANGE_LOOP_ANALYSIS = YES;
				CLANG_WARN_STRICT_PROTOTYPES = YES;
				CLANG_WARN_SUSPICIOUS_MOVE = YES;
				CLANG_WARN_UNGUARDED_AVAILABILITY = YES_AGGRESSIVE;
				CLANG_WARN_UNREACHABLE_CODE = YES;
				CLANG_WARN__DUPLICATE_METHOD_MATCH = YES;
				COPY_PHASE_STRIP = NO;
				DEBUG_INFORMATION_FORMAT = dwarf;
				ENABLE_STRICT_OBJC_MSGSEND = YES;
				ENABLE_TESTABILITY = YES;
				GCC_C_LANGUAGE_STANDARD = gnu11;
				GCC_DYNAMIC_NO_PIC = NO;
				GCC_NO_COMMON_BLOCKS = YES;
				GCC_OPTIMIZATION_LEVEL = 0;
				GCC_PREPROCESSOR_DEFINITIONS = (
					"DEBUG=1",
					"$(inherited)",
				);
				GCC_WARN_64_TO_32_BIT_CONVERSION = YES;
				GCC_WARN_ABOUT_RETURN_TYPE = YES_ERROR;
				GCC_WARN_UNDECLARED_SELECTOR = YES;
				GCC_WARN_UNINITIALIZED_AUTOS = YES_AGGRESSIVE;
				GCC_WARN_UNUSED_FUNCTION = YES;
				GCC_WARN_UNUSED_VARIABLE = YES;
				IPHONEOS_DEPLOYMENT_TARGET = 16.1;
				MTL_ENABLE_DEBUG_INFO = INCLUDE_SOURCE;
				MTL_FAST_MATH = YES;
				ONLY_ACTIVE_ARCH = YES;
				SDKROOT = iphoneos;
				SWIFT_ACTIVE_COMPILATION_CONDITIONS = DEBUG;
				SWIFT_OPTIMIZATION_LEVEL = "-Onone";
			};
			name = Debug;
		};
		FFBB6C4A2A07F0410011D4B8 /* Release */ = {
			isa = XCBuildConfiguration;
			buildSettings = {
				ALWAYS_SEARCH_USER_PATHS = NO;
				CLANG_ANALYZER_NONNULL = YES;
				CLANG_ANALYZER_NUMBER_OBJECT_CONVERSION = YES_AGGRESSIVE;
				CLANG_CXX_LANGUAGE_STANDARD = "gnu++20";
				CLANG_ENABLE_MODULES = YES;
				CLANG_ENABLE_OBJC_ARC = YES;
				CLANG_ENABLE_OBJC_WEAK = YES;
				CLANG_WARN_BLOCK_CAPTURE_AUTORELEASING = YES;
				CLANG_WARN_BOOL_CONVERSION = YES;
				CLANG_WARN_COMMA = YES;
				CLANG_WARN_CONSTANT_CONVERSION = YES;
				CLANG_WARN_DEPRECATED_OBJC_IMPLEMENTATIONS = YES;
				CLANG_WARN_DIRECT_OBJC_ISA_USAGE = YES_ERROR;
				CLANG_WARN_DOCUMENTATION_COMMENTS = YES;
				CLANG_WARN_EMPTY_BODY = YES;
				CLANG_WARN_ENUM_CONVERSION = YES;
				CLANG_WARN_INFINITE_RECURSION = YES;
				CLANG_WARN_INT_CONVERSION = YES;
				CLANG_WARN_NON_LITERAL_NULL_CONVERSION = YES;
				CLANG_WARN_OBJC_IMPLICIT_RETAIN_SELF = YES;
				CLANG_WARN_OBJC_LITERAL_CONVERSION = YES;
				CLANG_WARN_OBJC_ROOT_CLASS = YES_ERROR;
				CLANG_WARN_QUOTED_INCLUDE_IN_FRAMEWORK_HEADER = YES;
				CLANG_WARN_RANGE_LOOP_ANALYSIS = YES;
				CLANG_WARN_STRICT_PROTOTYPES = YES;
				CLANG_WARN_SUSPICIOUS_MOVE = YES;
				CLANG_WARN_UNGUARDED_AVAILABILITY = YES_AGGRESSIVE;
				CLANG_WARN_UNREACHABLE_CODE = YES;
				CLANG_WARN__DUPLICATE_METHOD_MATCH = YES;
				COPY_PHASE_STRIP = NO;
				DEBUG_INFORMATION_FORMAT = "dwarf-with-dsym";
				ENABLE_NS_ASSERTIONS = NO;
				ENABLE_STRICT_OBJC_MSGSEND = YES;
				GCC_C_LANGUAGE_STANDARD = gnu11;
				GCC_NO_COMMON_BLOCKS = YES;
				GCC_WARN_64_TO_32_BIT_CONVERSION = YES;
				GCC_WARN_ABOUT_RETURN_TYPE = YES_ERROR;
				GCC_WARN_UNDECLARED_SELECTOR = YES;
				GCC_WARN_UNINITIALIZED_AUTOS = YES_AGGRESSIVE;
				GCC_WARN_UNUSED_FUNCTION = YES;
				GCC_WARN_UNUSED_VARIABLE = YES;
				IPHONEOS_DEPLOYMENT_TARGET = 16.1;
				MTL_ENABLE_DEBUG_INFO = NO;
				MTL_FAST_MATH = YES;
				SDKROOT = iphoneos;
				SWIFT_COMPILATION_MODE = wholemodule;
				SWIFT_OPTIMIZATION_LEVEL = "-O";
				VALIDATE_PRODUCT = YES;
			};
			name = Release;
		};
		FFBB6C4C2A07F0410011D4B8 /* Debug */ = {
			isa = XCBuildConfiguration;
			buildSettings = {
				ASSETCATALOG_COMPILER_APPICON_NAME = AppIcon;
				ASSETCATALOG_COMPILER_GLOBAL_ACCENT_COLOR_NAME = AccentColor;
				CODE_SIGN_STYLE = Automatic;
				CURRENT_PROJECT_VERSION = 1;
				DEVELOPMENT_TEAM = 7DKZH9VMX9;
				GENERATE_INFOPLIST_FILE = YES;
				INFOPLIST_FILE = "Generic Network Layer/Info.plist";
				INFOPLIST_KEY_UIApplicationSupportsIndirectInputEvents = YES;
				INFOPLIST_KEY_UILaunchStoryboardName = LaunchScreen;
				INFOPLIST_KEY_UIMainStoryboardFile = Main;
				INFOPLIST_KEY_UISupportedInterfaceOrientations_iPad = "UIInterfaceOrientationPortrait UIInterfaceOrientationPortraitUpsideDown UIInterfaceOrientationLandscapeLeft UIInterfaceOrientationLandscapeRight";
				INFOPLIST_KEY_UISupportedInterfaceOrientations_iPhone = "UIInterfaceOrientationPortrait UIInterfaceOrientationLandscapeLeft UIInterfaceOrientationLandscapeRight";
				LD_RUNPATH_SEARCH_PATHS = (
					"$(inherited)",
					"@executable_path/Frameworks",
				);
				MARKETING_VERSION = 1.0;
				PRODUCT_BUNDLE_IDENTIFIER = "com.batuhan.Generic-Network-Layer";
				PRODUCT_NAME = "$(TARGET_NAME)";
				SWIFT_EMIT_LOC_STRINGS = YES;
				SWIFT_VERSION = 5.0;
				TARGETED_DEVICE_FAMILY = "1,2";
			};
			name = Debug;
		};
		FFBB6C4D2A07F0410011D4B8 /* Release */ = {
			isa = XCBuildConfiguration;
			buildSettings = {
				ASSETCATALOG_COMPILER_APPICON_NAME = AppIcon;
				ASSETCATALOG_COMPILER_GLOBAL_ACCENT_COLOR_NAME = AccentColor;
				CODE_SIGN_STYLE = Automatic;
				CURRENT_PROJECT_VERSION = 1;
				DEVELOPMENT_TEAM = 7DKZH9VMX9;
				GENERATE_INFOPLIST_FILE = YES;
				INFOPLIST_FILE = "Generic Network Layer/Info.plist";
				INFOPLIST_KEY_UIApplicationSupportsIndirectInputEvents = YES;
				INFOPLIST_KEY_UILaunchStoryboardName = LaunchScreen;
				INFOPLIST_KEY_UIMainStoryboardFile = Main;
				INFOPLIST_KEY_UISupportedInterfaceOrientations_iPad = "UIInterfaceOrientationPortrait UIInterfaceOrientationPortraitUpsideDown UIInterfaceOrientationLandscapeLeft UIInterfaceOrientationLandscapeRight";
				INFOPLIST_KEY_UISupportedInterfaceOrientations_iPhone = "UIInterfaceOrientationPortrait UIInterfaceOrientationLandscapeLeft UIInterfaceOrientationLandscapeRight";
				LD_RUNPATH_SEARCH_PATHS = (
					"$(inherited)",
					"@executable_path/Frameworks",
				);
				MARKETING_VERSION = 1.0;
				PRODUCT_BUNDLE_IDENTIFIER = "com.batuhan.Generic-Network-Layer";
				PRODUCT_NAME = "$(TARGET_NAME)";
				SWIFT_EMIT_LOC_STRINGS = YES;
				SWIFT_VERSION = 5.0;
				TARGETED_DEVICE_FAMILY = "1,2";
			};
			name = Release;
		};
/* End XCBuildConfiguration section */

/* Begin XCConfigurationList section */
		FFBB6C322A07F0400011D4B8 /* Build configuration list for PBXProject "Generic Network Layer" */ = {
			isa = XCConfigurationList;
			buildConfigurations = (
				FFBB6C492A07F0410011D4B8 /* Debug */,
				FFBB6C4A2A07F0410011D4B8 /* Release */,
			);
			defaultConfigurationIsVisible = 0;
			defaultConfigurationName = Release;
		};
		FFBB6C4B2A07F0410011D4B8 /* Build configuration list for PBXNativeTarget "Generic Network Layer" */ = {
			isa = XCConfigurationList;
			buildConfigurations = (
				FFBB6C4C2A07F0410011D4B8 /* Debug */,
				FFBB6C4D2A07F0410011D4B8 /* Release */,
			);
			defaultConfigurationIsVisible = 0;
			defaultConfigurationName = Release;
		};
/* End XCConfigurationList section */
	};
	rootObject = FFBB6C2F2A07F0400011D4B8 /* Project object */;
}
